
Microsoft Visual Studio Solution File, Format Version 12.00
# Visual Studio Version 17
VisualStudioVersion = 17.7.34031.279
MinimumVisualStudioVersion = 10.0.40219.1
Project("{FAE04EC0-301F-11D3-BF4B-00C04F79EFBC}") = "TheQuestion", "TheQuestion.csproj", "{13F5B39C-1C4F-4631-BEBE-AC0DAC88FEDA}"
EndProject
Global
	GlobalSection(SolutionConfigurationPlatforms) = preSolution
		Debug|Any CPU = Debug|Any CPU
		Release|Any CPU = Release|Any CPU
	EndGlobalSection
	GlobalSection(ProjectConfigurationPlatforms) = postSolution
		{13F5B39C-1C4F-4631-BEBE-AC0DAC88FEDA}.Debug|Any CPU.ActiveCfg = Debug|Any CPU
		{13F5B39C-1C4F-4631-BEBE-AC0DAC88FEDA}.Debug|Any CPU.Build.0 = Debug|Any CPU
		{13F5B39C-1C4F-4631-BEBE-AC0DAC88FEDA}.Release|Any CPU.ActiveCfg = Release|Any CPU
		{13F5B39C-1C4F-4631-BEBE-AC0DAC88FEDA}.Release|Any CPU.Build.0 = Release|Any CPU
	EndGlobalSection
	GlobalSection(SolutionProperties) = preSolution
		HideSolutionNode = FALSE
	EndGlobalSection
	GlobalSection(ExtensibilityGlobals) = postSolution
		SolutionGuid = {2CDCDCD4-6D1A-4620-A5B7-7E8506DB4D5E}
	EndGlobalSection
EndGlobal
